
Microsoft Visual Studio Solution File, Format Version 12.00
# Visual Studio Version 17
VisualStudioVersion = 17.8.34525.116
MinimumVisualStudioVersion = 10.0.40219.1
Project("{FAE04EC0-301F-11D3-BF4B-00C04F79EFBC}") = "multi-display-diagram", "multi-display-diagram\multi-display-diagram.csproj", "{B11614EC-CA6C-486E-BEB0-B75566576163}"
EndProject
Global
	GlobalSection(SolutionConfigurationPlatforms) = preSolution
		Debug|Any CPU = Debug|Any CPU
		Release|Any CPU = Release|Any CPU
	EndGlobalSection
	GlobalSection(ProjectConfigurationPlatforms) = postSolution
		{B11614EC-CA6C-486E-BEB0-B75566576163}.Debug|Any CPU.ActiveCfg = Debug|Any CPU
		{B11614EC-CA6C-486E-BEB0-B75566576163}.Debug|Any CPU.Build.0 = Debug|Any CPU
		{B11614EC-CA6C-486E-BEB0-B75566576163}.Release|Any CPU.ActiveCfg = Release|Any CPU
		{B11614EC-CA6C-486E-BEB0-B75566576163}.Release|Any CPU.Build.0 = Release|Any CPU
	EndGlobalSection
	GlobalSection(SolutionProperties) = preSolution
		HideSolutionNode = FALSE
	EndGlobalSection
	GlobalSection(ExtensibilityGlobals) = postSolution
		SolutionGuid = {7F5F4682-C656-4927-B803-4430A856B47C}
	EndGlobalSection
EndGlobal
